{
  "version": 4,
  "terraform_version": "1.5.1",
  "serial": 3,
  "lineage": "f2194f23-79a9-4d41-d96b-26116c51be0f",
  "outputs": {
    "resource_group_name": {
      "value": "wenlin_terraformRG-massive-phoenix",
      "type": "string"
    }
  },
  "resources": [
    {
      "mode": "managed",
      "type": "azurerm_resource_group",
      "name": "rg",
      "provider": "provider[\"registry.terraform.io/hashicorp/azurerm\"]",
      "instances": [
        {
          "schema_version": 0,
          "attributes": {
            "id": "/subscriptions/a6dfa2b8-35fa-462c-8435-9b5da92438ae/resourceGroups/wenlin_terraformRG-massive-phoenix",
            "location": "eastus",
            "name": "wenlin_terraformRG-massive-phoenix",
            "tags": null,
            "timeouts": null
          },
          "sensitive_attributes": [],
          "private": "eyJlMmJmYjczMC1lY2FhLTExZTYtOGY4OC0zNDM2M2JjN2M0YzAiOnsiY3JlYXRlIjo1NDAwMDAwMDAwMDAwLCJkZWxldGUiOjU0MDAwMDAwMDAwMDAsInJlYWQiOjMwMDAwMDAwMDAwMCwidXBkYXRlIjo1NDAwMDAwMDAwMDAwfX0=",
          "dependencies": [
            "random_pet.rg_name"
          ]
        }
      ]
    },
    {
      "mode": "managed",
      "type": "random_pet",
      "name": "rg_name",
      "provider": "provider[\"registry.terraform.io/hashicorp/random\"]",
      "instances": [
        {
          "schema_version": 0,
          "attributes": {
            "id": "wenlin_terraformRG-massive-phoenix",
            "keepers": null,
            "length": 2,
            "prefix": "wenlin_terraformRG",
            "separator": "-"
          },
          "sensitive_attributes": []
        }
      ]
    }
  ],
  "check_results": null
}
